<?xml version="1.0" encoding="utf-8"?>
<Project ToolsVersion="4.0" xmlns="http://schemas.microsoft.com/developer/msbuild/2003">
  <ItemGroup>
    <Filter Include="源文件">
      <UniqueIdentifier>{4FC737F1-C7A5-4376-A066-2A32D752A2FF}</UniqueIdentifier>
      <Extensions>cpp;c;cc;cxx;c++;cppm;ixx;def;odl;idl;hpj;bat;asm;asmx</Extensions>
    </Filter>
    <Filter Include="头文件">
      <UniqueIdentifier>{93995380-89BD-4b04-88EB-625FBE52EBFB}</UniqueIdentifier>
      <Extensions>h;hh;hpp;hxx;h++;hm;inl;inc;ipp;xsd</Extensions>
    </Filter>
    <Filter Include="资源文件">
      <UniqueIdentifier>{67DA6AB6-F800-4c08-8B7A-83BB121AAD01}</UniqueIdentifier>
      <Extensions>rc;ico;cur;bmp;dlg;rc2;rct;bin;rgs;gif;jpg;jpeg;jpe;resx;tiff;tif;png;wav;mfcribbon-ms</Extensions>
    </Filter>
    <Filter Include="头文件\sousuo">
      <UniqueIdentifier>{1a216a3c-c40b-410e-a3df-a8f3da36cf32}</UniqueIdentifier>
    </Filter>
    <Filter Include="头文件\huisu">
      <UniqueIdentifier>{529755a7-b851-40c5-8476-2632e429e2f1}</UniqueIdentifier>
    </Filter>
    <Filter Include="头文件\dongtaiguihua">
      <UniqueIdentifier>{f05b4553-755c-4d30-a9cf-9b99be5f00c2}</UniqueIdentifier>
    </Filter>
    <Filter Include="头文件\tanxin">
      <UniqueIdentifier>{7f424b2b-fb6d-41ca-a833-0e901e725aa2}</UniqueIdentifier>
    </Filter>
  </ItemGroup>
  <ItemGroup>
    <ClCompile Include="..\4_农场灌溉问题.cpp">
      <Filter>头文件\huisu</Filter>
    </ClCompile>
    <ClCompile Include="..\5_电子老鼠闯迷宫.cpp">
      <Filter>头文件\sousuo</Filter>
    </ClCompile>
    <ClCompile Include="..\6_分酒问题.cpp">
      <Filter>头文件\sousuo</Filter>
    </ClCompile>
    <ClCompile Include="..\7_石子合并.cpp">
      <Filter>头文件\dongtaiguihua</Filter>
    </ClCompile>
    <ClCompile Include="..\8_最小代价子母树.cpp">
      <Filter>头文件\dongtaiguihua</Filter>
    </ClCompile>
    <ClCompile Include="..\9_最大喜爱度.cpp">
      <Filter>头文件\dongtaiguihua</Filter>
    </ClCompile>
    <ClCompile Include="..\10_正整数被3整除.cpp">
      <Filter>头文件\dongtaiguihua</Filter>
    </ClCompile>
    <ClCompile Include="..\11_基因问题.cpp">
      <Filter>头文件\dongtaiguihua</Filter>
    </ClCompile>
    <ClCompile Include="..\12_搬桌子问题.cpp">
      <Filter>头文件\tanxin</Filter>
    </ClCompile>
    <ClCompile Include="..\13_分发饼干.cpp">
      <Filter>头文件\tanxin</Filter>
    </ClCompile>
    <ClCompile Include="..\14_加工生产调度.cpp">
      <Filter>头文件\tanxin</Filter>
    </ClCompile>
    <ClCompile Include="..\15_课程表问题.cpp">
      <Filter>头文件\tanxin</Filter>
    </ClCompile>
  </ItemGroup>
</Project>